
Microsoft Visual Studio Solution File, Format Version 12.00
# Visual Studio 15
Project("{FAE04EC0-301F-11D3-BF4B-00C04F79EFBC}") = "Assembly-CSharp", "Assembly-CSharp.csproj", "{7A29E556-DE9A-120A-5976-9C3F2D24D631}"
EndProject
Project("{FAE04EC0-301F-11D3-BF4B-00C04F79EFBC}") = "Assembly-CSharp-Editor", "Assembly-CSharp-Editor.csproj", "{94932B77-26DD-34C5-E664-56A96C690ED2}"
EndProject
Global
	GlobalSection(SolutionConfigurationPlatforms) = preSolution
		Debug|Any CPU = Debug|Any CPU
		Release|Any CPU = Release|Any CPU
	EndGlobalSection
	GlobalSection(ProjectConfigurationPlatforms) = postSolution
		{7A29E556-DE9A-120A-5976-9C3F2D24D631}.Debug|Any CPU.ActiveCfg = Debug|Any CPU
		{7A29E556-DE9A-120A-5976-9C3F2D24D631}.Debug|Any CPU.Build.0 = Debug|Any CPU
		{7A29E556-DE9A-120A-5976-9C3F2D24D631}.Release|Any CPU.ActiveCfg = Release|Any CPU
		{7A29E556-DE9A-120A-5976-9C3F2D24D631}.Release|Any CPU.Build.0 = Release|Any CPU
		{94932B77-26DD-34C5-E664-56A96C690ED2}.Debug|Any CPU.ActiveCfg = Debug|Any CPU
		{94932B77-26DD-34C5-E664-56A96C690ED2}.Debug|Any CPU.Build.0 = Debug|Any CPU
		{94932B77-26DD-34C5-E664-56A96C690ED2}.Release|Any CPU.ActiveCfg = Release|Any CPU
		{94932B77-26DD-34C5-E664-56A96C690ED2}.Release|Any CPU.Build.0 = Release|Any CPU
	EndGlobalSection
	GlobalSection(SolutionProperties) = preSolution
		HideSolutionNode = FALSE
	EndGlobalSection
EndGlobal
